
Microsoft Visual Studio Solution File, Format Version 12.00
# Visual Studio 15
VisualStudioVersion = 15.0.27004.2010
MinimumVisualStudioVersion = 10.0.40219.1
Project("{9A19103F-16F7-4668-BE54-9A1E7A4F7556}") = "Manage", "Manage\Manage.csproj", "{CC59DEE3-6848-43F5-B3C6-CCC16235BB37}"
EndProject
Project("{9A19103F-16F7-4668-BE54-9A1E7A4F7556}") = "API", "API\API.csproj", "{116AD91B-CC8E-4E45-B59A-957FE11ADFAB}"
EndProject
Project("{9A19103F-16F7-4668-BE54-9A1E7A4F7556}") = "Client", "Client\Client.csproj", "{DF0F404E-2164-42EF-8ED8-D6CE5014DA5F}"
EndProject
Project("{9A19103F-16F7-4668-BE54-9A1E7A4F7556}") = "ResourceClientOwner", "ResourceClientOwner\ResourceClientOwner.csproj", "{3B5FFAF6-EA3D-401B-AC3F-9795A4E31991}"
EndProject
Project("{9A19103F-16F7-4668-BE54-9A1E7A4F7556}") = "IdentityServer", "E:\Asp.net.core 2.0\Identity server 4\IdentityServer4.Samples\Quickstarts\5_HybridFlowAuthenticationWithApiAccess\src\QuickstartIdentityServer\IdentityServer.csproj", "{E755BE27-01B5-4F04-B886-B32E9F8E53C9}"
EndProject
Global
	GlobalSection(SolutionConfigurationPlatforms) = preSolution
		Debug|Any CPU = Debug|Any CPU
		Release|Any CPU = Release|Any CPU
	EndGlobalSection
	GlobalSection(ProjectConfigurationPlatforms) = postSolution
		{CC59DEE3-6848-43F5-B3C6-CCC16235BB37}.Debug|Any CPU.ActiveCfg = Debug|Any CPU
		{CC59DEE3-6848-43F5-B3C6-CCC16235BB37}.Debug|Any CPU.Build.0 = Debug|Any CPU
		{CC59DEE3-6848-43F5-B3C6-CCC16235BB37}.Release|Any CPU.ActiveCfg = Release|Any CPU
		{CC59DEE3-6848-43F5-B3C6-CCC16235BB37}.Release|Any CPU.Build.0 = Release|Any CPU
		{116AD91B-CC8E-4E45-B59A-957FE11ADFAB}.Debug|Any CPU.ActiveCfg = Debug|Any CPU
		{116AD91B-CC8E-4E45-B59A-957FE11ADFAB}.Debug|Any CPU.Build.0 = Debug|Any CPU
		{116AD91B-CC8E-4E45-B59A-957FE11ADFAB}.Release|Any CPU.ActiveCfg = Release|Any CPU
		{116AD91B-CC8E-4E45-B59A-957FE11ADFAB}.Release|Any CPU.Build.0 = Release|Any CPU
		{DF0F404E-2164-42EF-8ED8-D6CE5014DA5F}.Debug|Any CPU.ActiveCfg = Debug|Any CPU
		{DF0F404E-2164-42EF-8ED8-D6CE5014DA5F}.Debug|Any CPU.Build.0 = Debug|Any CPU
		{DF0F404E-2164-42EF-8ED8-D6CE5014DA5F}.Release|Any CPU.ActiveCfg = Release|Any CPU
		{DF0F404E-2164-42EF-8ED8-D6CE5014DA5F}.Release|Any CPU.Build.0 = Release|Any CPU
		{3B5FFAF6-EA3D-401B-AC3F-9795A4E31991}.Debug|Any CPU.ActiveCfg = Debug|Any CPU
		{3B5FFAF6-EA3D-401B-AC3F-9795A4E31991}.Debug|Any CPU.Build.0 = Debug|Any CPU
		{3B5FFAF6-EA3D-401B-AC3F-9795A4E31991}.Release|Any CPU.ActiveCfg = Release|Any CPU
		{3B5FFAF6-EA3D-401B-AC3F-9795A4E31991}.Release|Any CPU.Build.0 = Release|Any CPU
		{E755BE27-01B5-4F04-B886-B32E9F8E53C9}.Debug|Any CPU.ActiveCfg = Debug|Any CPU
		{E755BE27-01B5-4F04-B886-B32E9F8E53C9}.Debug|Any CPU.Build.0 = Debug|Any CPU
		{E755BE27-01B5-4F04-B886-B32E9F8E53C9}.Release|Any CPU.ActiveCfg = Release|Any CPU
		{E755BE27-01B5-4F04-B886-B32E9F8E53C9}.Release|Any CPU.Build.0 = Release|Any CPU
	EndGlobalSection
	GlobalSection(SolutionProperties) = preSolution
		HideSolutionNode = FALSE
	EndGlobalSection
	GlobalSection(ExtensibilityGlobals) = postSolution
		SolutionGuid = {CED59496-3237-47D8-82F4-A99EE637D594}
	EndGlobalSection
EndGlobal
